<?xml version="1.0"?>
<CONFIG>
  <ProjectOptions>
    <PathDelim Value="\"/>
    <Version Value="7"/>
    <General>
      <MainUnit Value="0"/>
      <TargetFileExt Value=".exe"/>
      <ResourceType Value="res"/>
      <UseXPManifest Value="True"/>
      <ActiveWindowIndexAtStart Value="0"/>
    </General>
    <VersionInfo>
      <Language Value=""/>
      <CharSet Value=""/>
      <StringTable Comments="" CompanyName="" FileDescription="" FileVersion="" InternalName="" LegalCopyright="" LegalTrademarks="" OriginalFilename="" ProductName="" ProductVersion=""/>
    </VersionInfo>
    <PublishOptions>
      <Version Value="2"/>
      <IgnoreBinaries Value="False"/>
      <IncludeFileFilter Value="*.(pas|pp|inc|lfm|lpr|lrs|lpi|lpk|sh|xml)"/>
      <ExcludeFileFilter Value="*.(bak|ppu|ppw|o|so);*~;backup"/>
    </PublishOptions>
    <RunParams>
      <local>
        <FormatVersion Value="1"/>
        <LaunchingApplication PathPlusParams="\usr\X11R6\bin\xterm -T 'Lazarus Run Output' -e $(LazarusDir)\tools\runwait.sh $(TargetCmdLine)"/>
      </local>
    </RunParams>
    <RequiredPackages Count="3">
      <Item1>
        <PackageName Value="GLScene_RunTime"/>
      </Item1>
      <Item2>
        <PackageName Value="GLScene_DesignTime"/>
      </Item2>
      <Item3>
        <PackageName Value="LCL"/>
      </Item3>
    </RequiredPackages>
    <Units Count="3">
      <Unit0>
        <Filename Value="ocean.lpr"/>
        <IsPartOfProject Value="True"/>
        <EditorIndex Value="1"/>
        <WindowIndex Value="0"/>
        <TopLine Value="1"/>
        <CursorPos X="34" Y="10"/>
        <UsageCount Value="21"/>
        <Loaded Value="True"/>
      </Unit0>
      <Unit1>
        <Filename Value="unit1.pas"/>
        <ComponentName Value="Form1"/>
        <HasResources Value="True"/>
        <ResourceBaseClass Value="Form"/>
        <UnitName Value="unit1"/>
        <IsVisibleTab Value="True"/>
        <EditorIndex Value="0"/>
        <WindowIndex Value="0"/>
        <TopLine Value="1"/>
        <CursorPos X="6" Y="22"/>
        <UsageCount Value="10"/>
        <Loaded Value="True"/>
      </Unit1>
      <Unit2>
        <Filename Value="..\..\..\Source\GLContext.pas"/>
        <UnitName Value="GLContext"/>
        <WindowIndex Value="0"/>
        <TopLine Value="3176"/>
        <CursorPos X="1" Y="3193"/>
        <UsageCount Value="10"/>
        <DefaultSyntaxHighlighter Value="Delphi"/>
      </Unit2>
    </Units>
    <JumpHistory Count="17" HistoryIndex="16">
      <Position1>
        <Filename Value="ocean.lpr"/>
        <Caret Line="7" Column="5" TopLine="1"/>
      </Position1>
      <Position2>
        <Filename Value="unit1.pas"/>
        <Caret Line="1" Column="1" TopLine="1"/>
      </Position2>
      <Position3>
        <Filename Value="unit1.pas"/>
        <Caret Line="8" Column="34" TopLine="1"/>
      </Position3>
      <Position4>
        <Filename Value="unit1.pas"/>
        <Caret Line="45" Column="59" TopLine="26"/>
      </Position4>
      <Position5>
        <Filename Value="unit1.pas"/>
        <Caret Line="203" Column="32" TopLine="197"/>
      </Position5>
      <Position6>
        <Filename Value="unit1.pas"/>
        <Caret Line="44" Column="1" TopLine="28"/>
      </Position6>
      <Position7>
        <Filename Value="unit1.pas"/>
        <Caret Line="6" Column="47" TopLine="1"/>
      </Position7>
      <Position8>
        <Filename Value="unit1.pas"/>
        <Caret Line="211" Column="1" TopLine="140"/>
      </Position8>
      <Position9>
        <Filename Value="unit1.pas"/>
        <Caret Line="72" Column="64" TopLine="55"/>
      </Position9>
      <Position10>
        <Filename Value="unit1.pas"/>
        <Caret Line="159" Column="8" TopLine="140"/>
      </Position10>
      <Position11>
        <Filename Value="ocean.lpr"/>
        <Caret Line="7" Column="6" TopLine="1"/>
      </Position11>
      <Position12>
        <Filename Value="unit1.pas"/>
        <Caret Line="105" Column="25" TopLine="73"/>
      </Position12>
      <Position13>
        <Filename Value="unit1.pas"/>
        <Caret Line="244" Column="61" TopLine="220"/>
      </Position13>
      <Position14>
        <Filename Value="ocean.lpr"/>
        <Caret Line="7" Column="6" TopLine="1"/>
      </Position14>
      <Position15>
        <Filename Value="ocean.lpr"/>
        <Caret Line="1" Column="1" TopLine="1"/>
      </Position15>
      <Position16>
        <Filename Value="unit1.pas"/>
        <Caret Line="69" Column="29" TopLine="60"/>
      </Position16>
      <Position17>
        <Filename Value="unit1.pas"/>
        <Caret Line="186" Column="82" TopLine="151"/>
      </Position17>
    </JumpHistory>
  </ProjectOptions>
  <CompilerOptions>
    <Version Value="8"/>
    <PathDelim Value="\"/>
    <Parsing>
      <SyntaxOptions>
        <UseAnsiStrings Value="True"/>
      </SyntaxOptions>
    </Parsing>
    <Other>
      <CompilerPath Value="$(CompPath)"/>
    </Other>
  </CompilerOptions>
  <Debugging>
    <Exceptions Count="3">
      <Item1>
        <Name Value="EAbort"/>
      </Item1>
      <Item2>
        <Name Value="ECodetoolError"/>
      </Item2>
      <Item3>
        <Name Value="EFOpenError"/>
      </Item3>
    </Exceptions>
  </Debugging>
</CONFIG>
