<?xml version="1.0"?>
<CONFIG>
  <ProjectOptions>
    <Version Value="7"/>
    <General>
      <MainUnit Value="0"/>
      <TargetFileExt Value=""/>
      <ResourceType Value="res"/>
      <UseXPManifest Value="True"/>
      <ActiveWindowIndexAtStart Value="0"/>
    </General>
    <VersionInfo>
      <Language Value=""/>
      <CharSet Value=""/>
      <StringTable Comments="" CompanyName="" FileDescription="" FileVersion="" InternalName="" LegalCopyright="" LegalTrademarks="" OriginalFilename="" ProductName="" ProductVersion=""/>
    </VersionInfo>
    <PublishOptions>
      <Version Value="2"/>
      <IgnoreBinaries Value="False"/>
      <IncludeFileFilter Value="*.(pas|pp|inc|lfm|lpr|lrs|lpi|lpk|sh|xml)"/>
      <ExcludeFileFilter Value="*.(bak|ppu|ppw|o|so);*~;backup"/>
    </PublishOptions>
    <RunParams>
      <local>
        <FormatVersion Value="1"/>
        <LaunchingApplication PathPlusParams="/usr/X11R6/bin/xterm -T 'Lazarus Run Output' -e $(LazarusDir)/tools/runwait.sh $(TargetCmdLine)"/>
      </local>
    </RunParams>
    <RequiredPackages Count="3">
      <Item1>
        <PackageName Value="GLScene_RunTime"/>
      </Item1>
      <Item2>
        <PackageName Value="GLScene_DesignTime"/>
      </Item2>
      <Item3>
        <PackageName Value="LCL"/>
      </Item3>
    </RequiredPackages>
    <Units Count="11">
      <Unit0>
        <Filename Value="glslbumpshaderdemo.lpr"/>
        <IsPartOfProject Value="True"/>
        <UsageCount Value="20"/>
      </Unit0>
      <Unit1>
        <Filename Value="umainform.pas"/>
        <ComponentName Value="GLSLTestForm"/>
        <HasResources Value="True"/>
        <ResourceBaseClass Value="Form"/>
        <UnitName Value="umainform"/>
        <IsVisibleTab Value="True"/>
        <EditorIndex Value="0"/>
        <WindowIndex Value="0"/>
        <TopLine Value="254"/>
        <CursorPos X="35" Y="277"/>
        <SyntaxHighlighter Value="FreePascal"/>
        <UsageCount Value="10"/>
        <Loaded Value="True"/>
        <DefaultSyntaxHighlighter Value="Text"/>
      </Unit1>
      <Unit2>
        <Filename Value="../../../Source/Base/ApplicationFileIO.pas"/>
        <UnitName Value="ApplicationFileIO"/>
        <WindowIndex Value="0"/>
        <TopLine Value="153"/>
        <CursorPos X="1" Y="173"/>
        <SyntaxHighlighter Value="Delphi"/>
        <UsageCount Value="10"/>
        <DefaultSyntaxHighlighter Value="Text"/>
      </Unit2>
      <Unit3>
        <Filename Value="../../../Source/FileFormats/GLFile3DS.pas"/>
        <UnitName Value="GLFile3DS"/>
        <WindowIndex Value="0"/>
        <TopLine Value="2115"/>
        <CursorPos X="1" Y="2154"/>
        <SyntaxHighlighter Value="Delphi"/>
        <UsageCount Value="10"/>
        <DefaultSyntaxHighlighter Value="Text"/>
      </Unit3>
      <Unit4>
        <Filename Value="../../../Source/GLVectorFileObjects.pas"/>
        <UnitName Value="GLVectorFileObjects"/>
        <WindowIndex Value="0"/>
        <TopLine Value="5846"/>
        <CursorPos X="1" Y="6160"/>
        <SyntaxHighlighter Value="Delphi"/>
        <UsageCount Value="10"/>
        <DefaultSyntaxHighlighter Value="Text"/>
      </Unit4>
      <Unit5>
        <Filename Value="../../../Source/GLSLShaders/GLSLBumpShader.pas"/>
        <UnitName Value="GLSLBumpShader"/>
        <WindowIndex Value="0"/>
        <TopLine Value="707"/>
        <CursorPos X="1" Y="727"/>
        <SyntaxHighlighter Value="Delphi"/>
        <UsageCount Value="10"/>
        <DefaultSyntaxHighlighter Value="Text"/>
      </Unit5>
      <Unit6>
        <Filename Value="../../../Source/GLMaterial.pas"/>
        <UnitName Value="GLMaterial"/>
        <WindowIndex Value="0"/>
        <TopLine Value="1372"/>
        <CursorPos X="1" Y="1395"/>
        <SyntaxHighlighter Value="Delphi"/>
        <UsageCount Value="10"/>
        <DefaultSyntaxHighlighter Value="Text"/>
      </Unit6>
      <Unit7>
        <Filename Value="../../../Source/GLTexture.pas"/>
        <UnitName Value="GLTexture"/>
        <WindowIndex Value="0"/>
        <TopLine Value="1736"/>
        <CursorPos X="1" Y="1762"/>
        <SyntaxHighlighter Value="Delphi"/>
        <UsageCount Value="10"/>
        <DefaultSyntaxHighlighter Value="Text"/>
      </Unit7>
      <Unit8>
        <Filename Value="/usr/lib/lazarus/0.9.29/lcl/include/picture.inc"/>
        <WindowIndex Value="0"/>
        <TopLine Value="706"/>
        <CursorPos X="1" Y="730"/>
        <SyntaxHighlighter Value="FreePascal"/>
        <UsageCount Value="10"/>
        <DefaultSyntaxHighlighter Value="Text"/>
      </Unit8>
      <Unit9>
        <Filename Value="../../../Source/FileFormats/DDSImage.pas"/>
        <UnitName Value="DDSImage"/>
        <WindowIndex Value="0"/>
        <TopLine Value="106"/>
        <CursorPos X="1" Y="133"/>
        <SyntaxHighlighter Value="Delphi"/>
        <UsageCount Value="10"/>
        <DefaultSyntaxHighlighter Value="Text"/>
      </Unit9>
      <Unit10>
        <Filename Value="../../../Source/Base/OpenGL1x.pas"/>
        <UnitName Value="OpenGL1x"/>
        <WindowIndex Value="0"/>
        <TopLine Value="6250"/>
        <CursorPos X="1" Y="6271"/>
        <SyntaxHighlighter Value="Delphi"/>
        <UsageCount Value="10"/>
        <DefaultSyntaxHighlighter Value="Text"/>
      </Unit10>
    </Units>
    <JumpHistory Count="4" HistoryIndex="3">
      <Position1>
        <Filename Value="umainform.pas"/>
        <Caret Line="149" Column="1" TopLine="124"/>
      </Position1>
      <Position2>
        <Filename Value="umainform.pas"/>
        <Caret Line="149" Column="1" TopLine="124"/>
      </Position2>
      <Position3>
        <Filename Value="umainform.pas"/>
        <Caret Line="149" Column="1" TopLine="124"/>
      </Position3>
      <Position4>
        <Filename Value="umainform.pas"/>
        <Caret Line="151" Column="49" TopLine="124"/>
      </Position4>
    </JumpHistory>
  </ProjectOptions>
  <CompilerOptions>
    <Version Value="8"/>
    <Parsing>
      <SyntaxOptions>
        <UseAnsiStrings Value="True"/>
      </SyntaxOptions>
    </Parsing>
    <Other>
      <CompilerPath Value="$(CompPath)"/>
    </Other>
  </CompilerOptions>
  <Debugging>
    <Exceptions Count="3">
      <Item1>
        <Name Value="EAbort"/>
      </Item1>
      <Item2>
        <Name Value="ECodetoolError"/>
      </Item2>
      <Item3>
        <Name Value="EFOpenError"/>
      </Item3>
    </Exceptions>
  </Debugging>
</CONFIG>
