<?xml version="1.0"?>
<CONFIG>
  <ProjectOptions>
    <PathDelim Value="\"/>
    <Version Value="7"/>
    <General>
      <Flags>
        <UseDefaultCompilerOptions Value="True"/>
      </Flags>
      <MainUnit Value="0"/>
      <TargetFileExt Value=".exe"/>
      <ResourceType Value="res"/>
      <UseXPManifest Value="True"/>
      <Icon Value="0"/>
      <ActiveWindowIndexAtStart Value="0"/>
    </General>
    <VersionInfo>
      <Language Value=""/>
      <CharSet Value=""/>
      <StringTable Comments="" CompanyName="" FileDescription="" FileVersion="" InternalName="" LegalCopyright="" LegalTrademarks="" OriginalFilename="" ProductName="" ProductVersion=""/>
    </VersionInfo>
    <PublishOptions>
      <Version Value="2"/>
      <IgnoreBinaries Value="False"/>
      <IncludeFileFilter Value="*.(pas|pp|inc|lfm|lpr|lrs|lpi|lpk|sh|xml)"/>
      <ExcludeFileFilter Value="*.(bak|ppu|ppw|o|so);*~;backup"/>
    </PublishOptions>
    <RunParams>
      <local>
        <FormatVersion Value="1"/>
        <LaunchingApplication PathPlusParams="/usr/X11R6/bin/xterm -T 'Lazarus Run Output' -e $(LazarusDir)/tools/runwait.sh $(TargetCmdLine)"/>
      </local>
    </RunParams>
    <RequiredPackages Count="3">
      <Item1>
        <PackageName Value="GLScene_DesignTime"/>
        <MinVersion Major="1" Valid="True"/>
      </Item1>
      <Item2>
        <PackageName Value="GLScene_RunTime"/>
        <MinVersion Major="1" Valid="True"/>
      </Item2>
      <Item3>
        <PackageName Value="LCL"/>
      </Item3>
    </RequiredPackages>
    <Units Count="8">
      <Unit0>
        <Filename Value="Archiver.lpr"/>
        <IsPartOfProject Value="True"/>
        <UnitName Value="Archiver"/>
        <UsageCount Value="20"/>
      </Unit0>
      <Unit1>
        <Filename Value="Main.pas"/>
        <IsPartOfProject Value="True"/>
        <ComponentName Value="Form1"/>
        <ResourceBaseClass Value="Form"/>
        <UnitName Value="Main"/>
        <IsVisibleTab Value="True"/>
        <EditorIndex Value="0"/>
        <WindowIndex Value="0"/>
        <TopLine Value="50"/>
        <CursorPos X="19" Y="65"/>
        <UsageCount Value="20"/>
        <Loaded Value="True"/>
      </Unit1>
      <Unit2>
        <Filename Value="..\..\..\Source\GLSArchiveManager.pas"/>
        <UnitName Value="GLSArchiveManager"/>
        <WindowIndex Value="0"/>
        <TopLine Value="384"/>
        <CursorPos X="42" Y="352"/>
        <SyntaxHighlighter Value="Delphi"/>
        <UsageCount Value="10"/>
        <DefaultSyntaxHighlighter Value="Text"/>
      </Unit2>
      <Unit3>
        <Filename Value="..\..\..\Source\GLMaterial.pas"/>
        <UnitName Value="GLMaterial"/>
        <WindowIndex Value="0"/>
        <TopLine Value="697"/>
        <CursorPos X="11" Y="709"/>
        <SyntaxHighlighter Value="Delphi"/>
        <UsageCount Value="10"/>
        <DefaultSyntaxHighlighter Value="Text"/>
      </Unit3>
      <Unit4>
        <Filename Value="..\..\..\Source\Platform\GLCrossPlatform.pas"/>
        <UnitName Value="GLCrossPlatform"/>
        <WindowIndex Value="0"/>
        <TopLine Value="95"/>
        <CursorPos X="4" Y="106"/>
        <SyntaxHighlighter Value="Delphi"/>
        <UsageCount Value="10"/>
        <DefaultSyntaxHighlighter Value="Text"/>
      </Unit4>
      <Unit5>
        <Filename Value="..\..\..\Source\Base\PictureRegisteredFormats.pas"/>
        <UnitName Value="PictureRegisteredFormats"/>
        <WindowIndex Value="0"/>
        <TopLine Value="104"/>
        <CursorPos X="10" Y="108"/>
        <SyntaxHighlighter Value="Delphi"/>
        <UsageCount Value="10"/>
        <DefaultSyntaxHighlighter Value="Text"/>
      </Unit5>
      <Unit6>
        <Filename Value="..\..\..\Source\FileFormats\GLFileMS3D.pas"/>
        <UnitName Value="GLFileMS3D"/>
        <WindowIndex Value="0"/>
        <TopLine Value="144"/>
        <CursorPos X="1" Y="209"/>
        <SyntaxHighlighter Value="Delphi"/>
        <UsageCount Value="10"/>
        <DefaultSyntaxHighlighter Value="Text"/>
      </Unit6>
      <Unit7>
        <Filename Value="D:\Soft\Разработки приложения\ДВИЖОК\LazarusChange\Source\FileFormats\GLFileZLIB.pas"/>
        <UnitName Value="GLFileZLIB"/>
        <WindowIndex Value="0"/>
        <TopLine Value="91"/>
        <CursorPos X="80" Y="96"/>
        <SyntaxHighlighter Value="FreePascal"/>
        <UsageCount Value="10"/>
        <DefaultSyntaxHighlighter Value="Text"/>
      </Unit7>
    </Units>
    <JumpHistory Count="30" HistoryIndex="29">
      <Position1>
        <Filename Value="Main.pas"/>
        <Caret Line="17" Column="50" TopLine="1"/>
      </Position1>
      <Position2>
        <Filename Value="Main.pas"/>
        <Caret Line="19" Column="50" TopLine="1"/>
      </Position2>
      <Position3>
        <Filename Value="Main.pas"/>
        <Caret Line="20" Column="50" TopLine="1"/>
      </Position3>
      <Position4>
        <Filename Value="Main.pas"/>
        <Caret Line="21" Column="50" TopLine="1"/>
      </Position4>
      <Position5>
        <Filename Value="Main.pas"/>
        <Caret Line="22" Column="50" TopLine="1"/>
      </Position5>
      <Position6>
        <Filename Value="Main.pas"/>
        <Caret Line="21" Column="50" TopLine="1"/>
      </Position6>
      <Position7>
        <Filename Value="Main.pas"/>
        <Caret Line="22" Column="50" TopLine="1"/>
      </Position7>
      <Position8>
        <Filename Value="Main.pas"/>
        <Caret Line="10" Column="27" TopLine="1"/>
      </Position8>
      <Position9>
        <Filename Value="Main.pas"/>
        <Caret Line="45" Column="3" TopLine="27"/>
      </Position9>
      <Position10>
        <Filename Value="Main.pas"/>
        <Caret Line="46" Column="10" TopLine="32"/>
      </Position10>
      <Position11>
        <Filename Value="Main.pas"/>
        <Caret Line="47" Column="35" TopLine="28"/>
      </Position11>
      <Position12>
        <Filename Value="Main.pas"/>
        <Caret Line="46" Column="12" TopLine="28"/>
      </Position12>
      <Position13>
        <Filename Value="Main.pas"/>
        <Caret Line="45" Column="15" TopLine="28"/>
      </Position13>
      <Position14>
        <Filename Value="Main.pas"/>
        <Caret Line="46" Column="2" TopLine="28"/>
      </Position14>
      <Position15>
        <Filename Value="Main.pas"/>
        <Caret Line="42" Column="36" TopLine="29"/>
      </Position15>
      <Position16>
        <Filename Value="Main.pas"/>
        <Caret Line="52" Column="3" TopLine="34"/>
      </Position16>
      <Position17>
        <Filename Value="Main.pas"/>
        <Caret Line="46" Column="17" TopLine="35"/>
      </Position17>
      <Position18>
        <Filename Value="Main.pas"/>
        <Caret Line="55" Column="11" TopLine="38"/>
      </Position18>
      <Position19>
        <Filename Value="Main.pas"/>
        <Caret Line="60" Column="1" TopLine="41"/>
      </Position19>
      <Position20>
        <Filename Value="Main.pas"/>
        <Caret Line="59" Column="34" TopLine="42"/>
      </Position20>
      <Position21>
        <Filename Value="Main.pas"/>
        <Caret Line="54" Column="27" TopLine="42"/>
      </Position21>
      <Position22>
        <Filename Value="Main.pas"/>
        <Caret Line="59" Column="58" TopLine="42"/>
      </Position22>
      <Position23>
        <Filename Value="Main.pas"/>
        <Caret Line="56" Column="16" TopLine="42"/>
      </Position23>
      <Position24>
        <Filename Value="Main.pas"/>
        <Caret Line="60" Column="37" TopLine="42"/>
      </Position24>
      <Position25>
        <Filename Value="Main.pas"/>
        <Caret Line="55" Column="38" TopLine="42"/>
      </Position25>
      <Position26>
        <Filename Value="Main.pas"/>
        <Caret Line="64" Column="10" TopLine="44"/>
      </Position26>
      <Position27>
        <Filename Value="Main.pas"/>
        <Caret Line="62" Column="15" TopLine="47"/>
      </Position27>
      <Position28>
        <Filename Value="Main.pas"/>
        <Caret Line="61" Column="15" TopLine="46"/>
      </Position28>
      <Position29>
        <Filename Value="Main.pas"/>
        <Caret Line="56" Column="10" TopLine="46"/>
      </Position29>
      <Position30>
        <Filename Value="Main.pas"/>
        <Caret Line="54" Column="18" TopLine="41"/>
      </Position30>
    </JumpHistory>
  </ProjectOptions>
  <CompilerOptions>
    <Version Value="8"/>
    <PathDelim Value="\"/>
    <Target>
      <Filename Value="Archiver"/>
    </Target>
    <SearchPaths>
      <IncludeFiles Value="$(ProjOutDir)\"/>
      <UnitOutputDirectory Value="lib\$(TargetCPU)-$(TargetOS)"/>
    </SearchPaths>
    <Parsing>
      <SyntaxOptions>
        <UseAnsiStrings Value="True"/>
      </SyntaxOptions>
    </Parsing>
    <Linking>
      <Options>
        <Win32>
          <GraphicApplication Value="True"/>
        </Win32>
      </Options>
    </Linking>
    <Other>
      <CompilerPath Value="$(CompPath)"/>
    </Other>
  </CompilerOptions>
  <Debugging>
    <Exceptions Count="3">
      <Item1>
        <Name Value="EAbort"/>
      </Item1>
      <Item2>
        <Name Value="ECodetoolError"/>
      </Item2>
      <Item3>
        <Name Value="EFOpenError"/>
      </Item3>
    </Exceptions>
  </Debugging>
</CONFIG>
