<?xml version="1.0"?>
<CONFIG>
  <ProjectOptions>
    <Version Value="7"/>
    <General>
      <Flags>
        <UseDefaultCompilerOptions Value="True"/>
      </Flags>
      <MainUnit Value="0"/>
      <TargetFileExt Value=""/>
      <ResourceType Value="res"/>
      <UseXPManifest Value="True"/>
      <Icon Value="0"/>
      <ActiveWindowIndexAtStart Value="0"/>
    </General>
    <VersionInfo>
      <Language Value=""/>
      <CharSet Value=""/>
      <StringTable Comments="" CompanyName="" FileDescription="" FileVersion="" InternalName="" LegalCopyright="" LegalTrademarks="" OriginalFilename="" ProductName="" ProductVersion=""/>
    </VersionInfo>
    <PublishOptions>
      <Version Value="2"/>
      <IgnoreBinaries Value="False"/>
      <IncludeFileFilter Value="*.(pas|pp|inc|lfm|lpr|lrs|lpi|lpk|sh|xml)"/>
      <ExcludeFileFilter Value="*.(bak|ppu|ppw|o|so);*~;backup"/>
    </PublishOptions>
    <RunParams>
      <local>
        <FormatVersion Value="1"/>
        <LaunchingApplication PathPlusParams="/usr/X11R6/bin/xterm -T 'Lazarus Run Output' -e $(LazarusDir)/tools/runwait.sh $(TargetCmdLine)"/>
      </local>
    </RunParams>
    <RequiredPackages Count="3">
      <Item1>
        <PackageName Value="GLScene_RunTime"/>
      </Item1>
      <Item2>
        <PackageName Value="GLScene_DesignTime"/>
      </Item2>
      <Item3>
        <PackageName Value="LCL"/>
      </Item3>
    </RequiredPackages>
    <Units Count="9">
      <Unit0>
        <Filename Value="multisampletextures.lpr"/>
        <IsPartOfProject Value="True"/>
        <WindowIndex Value="0"/>
        <TopLine Value="1"/>
        <CursorPos X="38" Y="12"/>
        <UsageCount Value="20"/>
      </Unit0>
      <Unit1>
        <Filename Value="umain.pas"/>
        <ComponentName Value="GLDemoForm"/>
        <HasResources Value="True"/>
        <ResourceBaseClass Value="Form"/>
        <UnitName Value="umain"/>
        <IsVisibleTab Value="True"/>
        <EditorIndex Value="0"/>
        <WindowIndex Value="0"/>
        <TopLine Value="42"/>
        <CursorPos X="30" Y="56"/>
        <UsageCount Value="10"/>
        <Loaded Value="True"/>
      </Unit1>
      <Unit2>
        <Filename Value="umain.lfm"/>
        <WindowIndex Value="0"/>
        <TopLine Value="1"/>
        <CursorPos X="1" Y="1"/>
        <UsageCount Value="10"/>
        <DefaultSyntaxHighlighter Value="LFM"/>
      </Unit2>
      <Unit3>
        <Filename Value="../../../Source/GLMultisampleImage.pas"/>
        <UnitName Value="GLMultisampleImage"/>
        <WindowIndex Value="0"/>
        <TopLine Value="1"/>
        <CursorPos X="9" Y="22"/>
        <SyntaxHighlighter Value="Delphi"/>
        <UsageCount Value="10"/>
        <DefaultSyntaxHighlighter Value="Text"/>
      </Unit3>
      <Unit4>
        <Filename Value="../../../Source/Base/OpenGL1x.pas"/>
        <UnitName Value="OpenGL1x"/>
        <WindowIndex Value="0"/>
        <TopLine Value="8106"/>
        <CursorPos X="1" Y="8125"/>
        <SyntaxHighlighter Value="Delphi"/>
        <UsageCount Value="10"/>
        <DefaultSyntaxHighlighter Value="Text"/>
      </Unit4>
      <Unit5>
        <Filename Value="../../../Source/GLContext.pas"/>
        <UnitName Value="GLContext"/>
        <WindowIndex Value="0"/>
        <TopLine Value="3141"/>
        <CursorPos X="45" Y="3178"/>
        <SyntaxHighlighter Value="Delphi"/>
        <UsageCount Value="10"/>
        <DefaultSyntaxHighlighter Value="Text"/>
      </Unit5>
      <Unit6>
        <Filename Value="../../../Source/Base/OpenGLAdapter.pas"/>
        <UnitName Value="OpenGLAdapter"/>
        <WindowIndex Value="0"/>
        <TopLine Value="5204"/>
        <CursorPos X="39" Y="5242"/>
        <SyntaxHighlighter Value="Delphi"/>
        <UsageCount Value="10"/>
        <DefaultSyntaxHighlighter Value="Text"/>
      </Unit6>
      <Unit7>
        <Filename Value="../../../Source/Platform/GLKeyboard.pas"/>
        <UnitName Value="GLKeyboard"/>
        <WindowIndex Value="0"/>
        <TopLine Value="244"/>
        <CursorPos X="11" Y="253"/>
        <SyntaxHighlighter Value="Delphi"/>
        <UsageCount Value="10"/>
        <DefaultSyntaxHighlighter Value="Text"/>
      </Unit7>
      <Unit8>
        <Filename Value="/usr/lib/lazarus/0.9.29/lcl/lcltype.pp"/>
        <UnitName Value="LCLType"/>
        <WindowIndex Value="0"/>
        <TopLine Value="388"/>
        <CursorPos X="3" Y="408"/>
        <SyntaxHighlighter Value="FreePascal"/>
        <UsageCount Value="10"/>
        <DefaultSyntaxHighlighter Value="Text"/>
      </Unit8>
    </Units>
    <JumpHistory Count="12" HistoryIndex="11">
      <Position1>
        <Filename Value="umain.pas"/>
        <Caret Line="1" Column="1" TopLine="1"/>
      </Position1>
      <Position2>
        <Filename Value="umain.pas"/>
        <Caret Line="25" Column="47" TopLine="1"/>
      </Position2>
      <Position3>
        <Filename Value="umain.pas"/>
        <Caret Line="25" Column="47" TopLine="1"/>
      </Position3>
      <Position4>
        <Filename Value="umain.pas"/>
        <Caret Line="29" Column="47" TopLine="1"/>
      </Position4>
      <Position5>
        <Filename Value="umain.pas"/>
        <Caret Line="28" Column="47" TopLine="1"/>
      </Position5>
      <Position6>
        <Filename Value="umain.pas"/>
        <Caret Line="28" Column="47" TopLine="1"/>
      </Position6>
      <Position7>
        <Filename Value="umain.pas"/>
        <Caret Line="11" Column="48" TopLine="1"/>
      </Position7>
      <Position8>
        <Filename Value="umain.pas"/>
        <Caret Line="9" Column="51" TopLine="1"/>
      </Position8>
      <Position9>
        <Filename Value="umain.pas"/>
        <Caret Line="12" Column="68" TopLine="1"/>
      </Position9>
      <Position10>
        <Filename Value="umain.pas"/>
        <Caret Line="11" Column="48" TopLine="1"/>
      </Position10>
      <Position11>
        <Filename Value="umain.pas"/>
        <Caret Line="57" Column="7" TopLine="42"/>
      </Position11>
      <Position12>
        <Filename Value="umain.pas"/>
        <Caret Line="56" Column="30" TopLine="42"/>
      </Position12>
    </JumpHistory>
  </ProjectOptions>
  <CompilerOptions>
    <Version Value="8"/>
    <Target>
      <Filename Value="project1"/>
    </Target>
    <SearchPaths>
      <UnitOutputDirectory Value="lib/$(TargetCPU)-$(TargetOS)"/>
    </SearchPaths>
    <Parsing>
      <SyntaxOptions>
        <UseAnsiStrings Value="True"/>
      </SyntaxOptions>
    </Parsing>
    <Linking>
      <Options>
        <Win32>
          <GraphicApplication Value="True"/>
        </Win32>
      </Options>
    </Linking>
    <Other>
      <CompilerMessages>
        <UseMsgFile Value="True"/>
      </CompilerMessages>
      <CompilerPath Value="$(CompPath)"/>
    </Other>
  </CompilerOptions>
</CONFIG>
