<?xml version="1.0"?>
<CONFIG>
  <ProjectOptions>
    <Version Value="9"/>
    <PathDelim Value="\"/>
    <General>
      <MainUnit Value="0"/>
      <ResourceType Value="res"/>
      <UseXPManifest Value="True"/>
      <ActiveWindowIndexAtStart Value="0"/>
    </General>
    <VersionInfo>
      <StringTable ProductVersion=""/>
    </VersionInfo>
    <BuildModes Count="1">
      <Item1 Name="default" Default="True"/>
    </BuildModes>
    <PublishOptions>
      <Version Value="2"/>
      <IncludeFileFilter Value="*.(pas|pp|inc|lfm|lpr|lrs|lpi|lpk|sh|xml)"/>
      <ExcludeFileFilter Value="*.(bak|ppu|ppw|o|so);*~;backup"/>
    </PublishOptions>
    <RunParams>
      <local>
        <FormatVersion Value="1"/>
        <LaunchingApplication PathPlusParams="\usr\X11R6\bin\xterm -T 'Lazarus Run Output' -e $(LazarusDir)\tools\runwait.sh $(TargetCmdLine)"/>
      </local>
    </RunParams>
    <RequiredPackages Count="2">
      <Item1>
        <PackageName Value="GLScene_RunTime"/>
      </Item1>
      <Item2>
        <PackageName Value="LCL"/>
      </Item2>
    </RequiredPackages>
    <Units Count="25">
      <Unit0>
        <Filename Value="memviewer.lpr"/>
        <IsPartOfProject Value="True"/>
        <WindowIndex Value="0"/>
        <TopLine Value="1"/>
        <CursorPos X="3" Y="7"/>
        <UsageCount Value="29"/>
        <DefaultSyntaxHighlighter Value="Delphi"/>
      </Unit0>
      <Unit1>
        <Filename Value="unit1.pas"/>
        <IsPartOfProject Value="True"/>
        <ComponentName Value="Form1"/>
        <HasResources Value="True"/>
        <ResourceBaseClass Value="Form"/>
        <UnitName Value="Unit1"/>
        <WindowIndex Value="0"/>
        <TopLine Value="69"/>
        <CursorPos X="1" Y="108"/>
        <UsageCount Value="29"/>
        <DefaultSyntaxHighlighter Value="Delphi"/>
      </Unit1>
      <Unit2>
        <Filename Value="..\..\..\Source\GLContext.pas"/>
        <UnitName Value="GLContext"/>
        <WindowIndex Value="0"/>
        <TopLine Value="4715"/>
        <CursorPos X="16" Y="4730"/>
        <UsageCount Value="14"/>
        <DefaultSyntaxHighlighter Value="Delphi"/>
      </Unit2>
      <Unit3>
        <Filename Value="..\..\..\Source\Base\OpenGLAdapter.pas"/>
        <UnitName Value="OpenGLAdapter"/>
        <WindowIndex Value="0"/>
        <TopLine Value="3100"/>
        <CursorPos X="15" Y="3116"/>
        <UsageCount Value="12"/>
        <DefaultSyntaxHighlighter Value="Delphi"/>
      </Unit3>
      <Unit4>
        <Filename Value="..\..\..\Source\Platform\GLGLXContext.pas"/>
        <UnitName Value="GLGLXContext"/>
        <WindowIndex Value="0"/>
        <TopLine Value="707"/>
        <CursorPos X="36" Y="711"/>
        <UsageCount Value="13"/>
        <Bookmarks Count="2">
          <Item0 X="1" Y="714" ID="1"/>
          <Item1 X="13" Y="340" ID="2"/>
        </Bookmarks>
        <DefaultSyntaxHighlighter Value="Delphi"/>
      </Unit4>
      <Unit5>
        <Filename Value="..\..\..\Source\GLScene.pas"/>
        <UnitName Value="GLScene"/>
        <WindowIndex Value="0"/>
        <TopLine Value="9319"/>
        <CursorPos X="1" Y="9335"/>
        <UsageCount Value="11"/>
        <DefaultSyntaxHighlighter Value="Delphi"/>
      </Unit5>
      <Unit6>
        <Filename Value="..\..\..\Source\GLScene.inc"/>
        <WindowIndex Value="0"/>
        <TopLine Value="37"/>
        <CursorPos X="2" Y="65"/>
        <UsageCount Value="10"/>
        <DefaultSyntaxHighlighter Value="Delphi"/>
      </Unit6>
      <Unit7>
        <Filename Value="..\..\..\Source\GLMaterial.pas"/>
        <UnitName Value="GLMaterial"/>
        <WindowIndex Value="0"/>
        <TopLine Value="1394"/>
        <CursorPos X="1" Y="1416"/>
        <UsageCount Value="10"/>
        <DefaultSyntaxHighlighter Value="Delphi"/>
      </Unit7>
      <Unit8>
        <Filename Value="..\..\..\Source\GLTexture.pas"/>
        <UnitName Value="GLTexture"/>
        <WindowIndex Value="0"/>
        <TopLine Value="3376"/>
        <CursorPos X="1" Y="3398"/>
        <UsageCount Value="10"/>
        <DefaultSyntaxHighlighter Value="Delphi"/>
      </Unit8>
      <Unit9>
        <Filename Value="..\..\..\Source\Platform\GLLCLViewer.pas"/>
        <UnitName Value="GLLCLViewer"/>
        <WindowIndex Value="0"/>
        <TopLine Value="40"/>
        <CursorPos X="23" Y="56"/>
        <UsageCount Value="10"/>
        <DefaultSyntaxHighlighter Value="Delphi"/>
      </Unit9>
      <Unit10>
        <Filename Value="..\..\..\Source\Platform\GLWidgetContext.pas"/>
        <UnitName Value="GLWidgetContext"/>
        <WindowIndex Value="0"/>
        <TopLine Value="12"/>
        <CursorPos X="11" Y="32"/>
        <UsageCount Value="11"/>
        <DefaultSyntaxHighlighter Value="Delphi"/>
      </Unit10>
      <Unit11>
        <Filename Value="..\..\..\Source\Platform\GLWin32Context.pas"/>
        <UnitName Value="GLWin32Context"/>
        <WindowIndex Value="0"/>
        <TopLine Value="1046"/>
        <CursorPos X="58" Y="917"/>
        <UsageCount Value="11"/>
        <DefaultSyntaxHighlighter Value="Delphi"/>
      </Unit11>
      <Unit12>
        <Filename Value="..\..\..\Source\GLState.pas"/>
        <UnitName Value="GLState"/>
        <WindowIndex Value="0"/>
        <TopLine Value="1"/>
        <CursorPos X="1" Y="1"/>
        <UsageCount Value="10"/>
        <DefaultSyntaxHighlighter Value="Delphi"/>
      </Unit12>
      <Unit13>
        <Filename Value="..\..\..\..\..\lcl\utrace.pp"/>
        <UnitName Value="UTrace"/>
        <WindowIndex Value="0"/>
        <TopLine Value="38"/>
        <CursorPos X="1" Y="64"/>
        <UsageCount Value="10"/>
      </Unit13>
      <Unit14>
        <Filename Value="..\..\..\Source\Base\GLPipelineTransformation.pas"/>
        <UnitName Value="GLPipelineTransformation"/>
        <WindowIndex Value="0"/>
        <TopLine Value="214"/>
        <CursorPos X="3" Y="230"/>
        <UsageCount Value="10"/>
        <DefaultSyntaxHighlighter Value="Delphi"/>
      </Unit14>
      <Unit15>
        <Filename Value="..\..\..\Source\Base\OpenGLTokens.pas"/>
        <UnitName Value="OpenGLTokens"/>
        <WindowIndex Value="0"/>
        <TopLine Value="180"/>
        <CursorPos X="3" Y="196"/>
        <UsageCount Value="10"/>
        <DefaultSyntaxHighlighter Value="Delphi"/>
      </Unit15>
      <Unit16>
        <Filename Value="..\..\..\..\..\lcl\include\control.inc"/>
        <WindowIndex Value="0"/>
        <TopLine Value="1662"/>
        <CursorPos X="1" Y="1679"/>
        <UsageCount Value="10"/>
      </Unit16>
      <Unit17>
        <Filename Value="..\..\..\..\..\lcl\include\wincontrol.inc"/>
        <WindowIndex Value="0"/>
        <TopLine Value="5225"/>
        <CursorPos X="1" Y="5242"/>
        <UsageCount Value="10"/>
      </Unit17>
      <Unit18>
        <Filename Value="..\..\..\..\..\lcl\lclmessageglue.pas"/>
        <UnitName Value="LCLMessageGlue"/>
        <WindowIndex Value="0"/>
        <TopLine Value="100"/>
        <CursorPos X="1" Y="121"/>
        <UsageCount Value="10"/>
      </Unit18>
      <Unit19>
        <Filename Value="..\..\..\..\..\lcl\interfaces\gtk2\gtk2proc.inc"/>
        <WindowIndex Value="0"/>
        <TopLine Value="3521"/>
        <CursorPos X="1" Y="3539"/>
        <UsageCount Value="10"/>
      </Unit19>
      <Unit20>
        <Filename Value="..\..\..\..\..\lcl\interfaces\gtk2\gtk2callback.inc"/>
        <WindowIndex Value="0"/>
        <TopLine Value="611"/>
        <CursorPos X="1" Y="627"/>
        <UsageCount Value="10"/>
      </Unit20>
      <Unit21>
        <Filename Value="..\..\..\..\..\lcl\interfaces\gtk2\gtk2widgetset.inc"/>
        <WindowIndex Value="0"/>
        <TopLine Value="2378"/>
        <CursorPos X="1" Y="2395"/>
        <UsageCount Value="10"/>
      </Unit21>
      <Unit22>
        <Filename Value="..\..\..\Source\FileFormats\TGA.pas"/>
        <UnitName Value="TGA"/>
        <TopLine Value="166"/>
        <CursorPos X="23" Y="184"/>
        <UsageCount Value="10"/>
        <DefaultSyntaxHighlighter Value="Delphi"/>
      </Unit22>
      <Unit23>
        <Filename Value="..\..\..\Source\Base\Spline.pas"/>
        <UnitName Value="Spline"/>
        <EditorIndex Value="0"/>
        <WindowIndex Value="0"/>
        <TopLine Value="1"/>
        <CursorPos X="1" Y="1"/>
        <UsageCount Value="10"/>
        <Loaded Value="True"/>
        <DefaultSyntaxHighlighter Value="Delphi"/>
      </Unit23>
      <Unit24>
        <Filename Value="..\SkyBox\skyboxdemo.lpr"/>
        <UnitName Value="SkyboxDemo"/>
        <IsVisibleTab Value="True"/>
        <EditorIndex Value="1"/>
        <WindowIndex Value="0"/>
        <TopLine Value="1"/>
        <CursorPos X="1" Y="1"/>
        <UsageCount Value="10"/>
        <Loaded Value="True"/>
        <DefaultSyntaxHighlighter Value="Delphi"/>
      </Unit24>
    </Units>
    <JumpHistory Count="1" HistoryIndex="0">
      <Position1>
        <Filename Value="..\..\..\Source\Base\Spline.pas"/>
        <Caret Line="1" Column="1" TopLine="1"/>
      </Position1>
    </JumpHistory>
  </ProjectOptions>
  <CompilerOptions>
    <Version Value="9"/>
    <PathDelim Value="\"/>
    <Target>
      <Filename Value="memviewer"/>
    </Target>
    <SearchPaths>
      <IncludeFiles Value="$(ProjOutDir)"/>
      <UnitOutputDirectory Value="lib\$(TargetCPU)-$(TargetOS)"/>
      <SrcPath Value="$(LazarusDir)\lcl;$(LazarusDir)\lcl\interfaces\$(LCLWidgetType)"/>
    </SearchPaths>
    <Parsing>
      <SyntaxOptions>
        <SyntaxMode Value="Delphi"/>
        <CStyleOperator Value="False"/>
        <IncludeAssertionCode Value="True"/>
        <AllowLabel Value="False"/>
        <UseAnsiStrings Value="False"/>
      </SyntaxOptions>
    </Parsing>
    <Linking>
      <Debugging>
        <GenerateDebugInfo Value="True"/>
        <StripSymbols Value="True"/>
        <UseExternalDbgSyms Value="True"/>
      </Debugging>
      <Options>
        <Win32>
          <GraphicApplication Value="True"/>
        </Win32>
      </Options>
    </Linking>
    <Other>
      <CompilerMessages>
        <UseMsgFile Value="True"/>
      </CompilerMessages>
      <CompilerPath Value="$(CompPath)"/>
    </Other>
  </CompilerOptions>
  <Debugging>
    <Exceptions Count="3">
      <Item1>
        <Name Value="EAbort"/>
      </Item1>
      <Item2>
        <Name Value="ECodetoolError"/>
      </Item2>
      <Item3>
        <Name Value="EFOpenError"/>
      </Item3>
    </Exceptions>
  </Debugging>
</CONFIG>
