<?xml version="1.0"?>
<CONFIG>
  <ProjectOptions>
    <Version Value="9"/>
    <PathDelim Value="\"/>
    <General>
      <MainUnit Value="0"/>
      <UseXPManifest Value="True"/>
      <ActiveWindowIndexAtStart Value="0"/>
    </General>
    <i18n>
      <EnableI18N LFM="False"/>
    </i18n>
    <VersionInfo>
      <StringTable ProductVersion=""/>
    </VersionInfo>
    <BuildModes Count="1">
      <Item1 Name="default" Default="True"/>
    </BuildModes>
    <PublishOptions>
      <Version Value="2"/>
      <IncludeFileFilter Value="*.(pas|pp|inc|lfm|lpr|lrs|lpi|lpk|sh|xml)"/>
      <ExcludeFileFilter Value="*.(bak|ppu|ppw|o|so);*~;backup"/>
    </PublishOptions>
    <RunParams>
      <local>
        <FormatVersion Value="1"/>
        <LaunchingApplication PathPlusParams="\usr\bin\xterm -T 'Lazarus Run Output' -e $(LazarusDir)\tools\runwait.sh $(TargetCmdLine)"/>
      </local>
    </RunParams>
    <RequiredPackages Count="3">
      <Item1>
        <PackageName Value="GLScene_DesignTime"/>
      </Item1>
      <Item2>
        <PackageName Value="GLScene_RunTime"/>
      </Item2>
      <Item3>
        <PackageName Value="LCL"/>
      </Item3>
    </RequiredPackages>
    <Units Count="12">
      <Unit0>
        <Filename Value="GLBlurDemo.lpr"/>
        <IsPartOfProject Value="True"/>
        <EditorIndex Value="0"/>
        <WindowIndex Value="0"/>
        <TopLine Value="1"/>
        <CursorPos X="22" Y="9"/>
        <UsageCount Value="21"/>
        <Loaded Value="True"/>
        <DefaultSyntaxHighlighter Value="Delphi"/>
      </Unit0>
      <Unit1>
        <Filename Value="Unit1.pas"/>
        <IsPartOfProject Value="True"/>
        <ComponentName Value="Form1"/>
        <HasResources Value="True"/>
        <ResourceBaseClass Value="Form"/>
        <UnitName Value="Unit1"/>
        <IsVisibleTab Value="True"/>
        <EditorIndex Value="1"/>
        <WindowIndex Value="0"/>
        <TopLine Value="49"/>
        <CursorPos X="22" Y="69"/>
        <UsageCount Value="21"/>
        <Loaded Value="True"/>
        <LoadedDesigner Value="True"/>
        <DefaultSyntaxHighlighter Value="Delphi"/>
      </Unit1>
      <Unit2>
        <Filename Value="..\..\..\Source\GLTexture.pas"/>
        <UnitName Value="GLTexture"/>
        <WindowIndex Value="0"/>
        <TopLine Value="1819"/>
        <CursorPos X="1" Y="1833"/>
        <UsageCount Value="10"/>
        <DefaultSyntaxHighlighter Value="Delphi"/>
      </Unit2>
      <Unit3>
        <Filename Value="..\..\..\Source\GLContext.pas"/>
        <UnitName Value="GLContext"/>
        <WindowIndex Value="0"/>
        <TopLine Value="74"/>
        <CursorPos X="1" Y="93"/>
        <UsageCount Value="10"/>
        <DefaultSyntaxHighlighter Value="Delphi"/>
      </Unit3>
      <Unit4>
        <Filename Value="..\..\..\Source\Platform\GLCrossPlatform.pas"/>
        <UnitName Value="GLCrossPlatform"/>
        <WindowIndex Value="0"/>
        <TopLine Value="69"/>
        <CursorPos X="17" Y="76"/>
        <UsageCount Value="10"/>
        <DefaultSyntaxHighlighter Value="Delphi"/>
      </Unit4>
      <Unit5>
        <Filename Value="..\..\..\Source\GLScene.inc"/>
        <WindowIndex Value="0"/>
        <TopLine Value="71"/>
        <CursorPos X="1" Y="90"/>
        <UsageCount Value="10"/>
        <DefaultSyntaxHighlighter Value="Delphi"/>
      </Unit5>
      <Unit6>
        <Filename Value="..\..\..\Source\GLGraphics.pas"/>
        <UnitName Value="GLGraphics"/>
        <WindowIndex Value="0"/>
        <TopLine Value="70"/>
        <CursorPos X="1" Y="87"/>
        <UsageCount Value="10"/>
        <DefaultSyntaxHighlighter Value="Delphi"/>
      </Unit6>
      <Unit7>
        <Filename Value="..\..\..\Source\Experimental\VectorGeometryEXT.pas"/>
        <UnitName Value="VectorGeometryEXT"/>
        <WindowIndex Value="0"/>
        <TopLine Value="5"/>
        <CursorPos X="2" Y="22"/>
        <UsageCount Value="10"/>
        <DefaultSyntaxHighlighter Value="Delphi"/>
      </Unit7>
      <Unit8>
        <Filename Value="..\..\..\Source\Platform\GLGLXContext.pas"/>
        <UnitName Value="GLGLXContext"/>
        <WindowIndex Value="0"/>
        <TopLine Value="47"/>
        <CursorPos X="40" Y="79"/>
        <UsageCount Value="10"/>
        <DefaultSyntaxHighlighter Value="Delphi"/>
      </Unit8>
      <Unit9>
        <Filename Value="..\..\..\Source\Base\GLPipelineTransformation.pas"/>
        <UnitName Value="GLPipelineTransformation"/>
        <WindowIndex Value="0"/>
        <TopLine Value="213"/>
        <CursorPos X="2" Y="230"/>
        <UsageCount Value="10"/>
        <DefaultSyntaxHighlighter Value="Delphi"/>
      </Unit9>
      <Unit10>
        <Filename Value="..\..\..\Source\GLHUDObjects.pas"/>
        <UnitName Value="GLHUDObjects"/>
        <WindowIndex Value="0"/>
        <TopLine Value="1"/>
        <CursorPos X="1" Y="1"/>
        <UsageCount Value="10"/>
        <DefaultSyntaxHighlighter Value="Delphi"/>
      </Unit10>
      <Unit11>
        <Filename Value="..\..\..\Source\Experimental\GL3xMaterialEditor.pas"/>
        <UnitName Value="GL3xMaterialEditor"/>
        <WindowIndex Value="0"/>
        <TopLine Value="610"/>
        <CursorPos X="40" Y="629"/>
        <UsageCount Value="10"/>
        <DefaultSyntaxHighlighter Value="Delphi"/>
      </Unit11>
    </Units>
    <JumpHistory Count="2" HistoryIndex="1">
      <Position1>
        <Filename Value="Unit1.pas"/>
        <Caret Line="18" Column="49" TopLine="3"/>
      </Position1>
      <Position2>
        <Filename Value="Unit1.pas"/>
        <Caret Line="19" Column="61" TopLine="1"/>
      </Position2>
    </JumpHistory>
  </ProjectOptions>
  <CompilerOptions>
    <Version Value="11"/>
    <PathDelim Value="\"/>
    <Target>
      <Filename Value="GLBlurDemo"/>
    </Target>
    <SearchPaths>
      <UnitOutputDirectory Value="lib\$(TargetCPU)-$(TargetOS)"/>
      <SrcPath Value="$(LazarusDir)\lcl;$(LazarusDir)\lcl\interfaces\$(LCLWidgetType)"/>
    </SearchPaths>
    <Parsing>
      <SyntaxOptions>
        <SyntaxMode Value="Delphi"/>
      </SyntaxOptions>
    </Parsing>
    <Linking>
      <Debugging>
        <StripSymbols Value="True"/>
        <UseExternalDbgSyms Value="True"/>
      </Debugging>
      <Options>
        <Win32>
          <GraphicApplication Value="True"/>
        </Win32>
      </Options>
    </Linking>
    <Other>
      <CompilerMessages>
        <UseMsgFile Value="True"/>
      </CompilerMessages>
      <CompilerPath Value="$(CompPath)"/>
    </Other>
  </CompilerOptions>
  <Debugging>
    <Exceptions Count="3">
      <Item1>
        <Name Value="EAbort"/>
      </Item1>
      <Item2>
        <Name Value="ECodetoolError"/>
      </Item2>
      <Item3>
        <Name Value="EFOpenError"/>
      </Item3>
    </Exceptions>
  </Debugging>
</CONFIG>
