<?xml version="1.0"?>
<CONFIG>
  <ProjectOptions>
    <Version Value="9"/>
    <PathDelim Value="\"/>
    <General>
      <MainUnit Value="0"/>
      <UseXPManifest Value="True"/>
      <ActiveWindowIndexAtStart Value="0"/>
    </General>
    <i18n>
      <EnableI18N LFM="False"/>
    </i18n>
    <VersionInfo>
      <StringTable ProductVersion=""/>
    </VersionInfo>
    <BuildModes Count="1">
      <Item1 Name="default" Default="True"/>
    </BuildModes>
    <PublishOptions>
      <Version Value="2"/>
      <IncludeFileFilter Value="*.(pas|pp|inc|lfm|lpr|lrs|lpi|lpk|sh|xml)"/>
      <ExcludeFileFilter Value="*.(bak|ppu|ppw|o|so);*~;backup"/>
    </PublishOptions>
    <RunParams>
      <local>
        <FormatVersion Value="1"/>
        <LaunchingApplication PathPlusParams="\usr\bin\xterm -T 'Lazarus Run Output' -e $(LazarusDir)\tools\runwait.sh $(TargetCmdLine)"/>
      </local>
    </RunParams>
    <RequiredPackages Count="2">
      <Item1>
        <PackageName Value="GLScene_RunTime"/>
      </Item1>
      <Item2>
        <PackageName Value="LCL"/>
      </Item2>
    </RequiredPackages>
    <Units Count="7">
      <Unit0>
        <Filename Value="GLConsoleDemo.lpr"/>
        <IsPartOfProject Value="True"/>
        <EditorIndex Value="1"/>
        <WindowIndex Value="0"/>
        <TopLine Value="1"/>
        <CursorPos X="31" Y="10"/>
        <UsageCount Value="22"/>
        <Loaded Value="True"/>
        <DefaultSyntaxHighlighter Value="Delphi"/>
      </Unit0>
      <Unit1>
        <Filename Value="uMainForm.pas"/>
        <IsPartOfProject Value="True"/>
        <ComponentName Value="MainForm"/>
        <HasResources Value="True"/>
        <ResourceBaseClass Value="Form"/>
        <UnitName Value="uMainForm"/>
        <IsVisibleTab Value="True"/>
        <EditorIndex Value="0"/>
        <WindowIndex Value="0"/>
        <TopLine Value="102"/>
        <CursorPos X="1" Y="133"/>
        <UsageCount Value="22"/>
        <Loaded Value="True"/>
        <LoadedDesigner Value="True"/>
        <DefaultSyntaxHighlighter Value="Delphi"/>
      </Unit1>
      <Unit2>
        <Filename Value="..\..\..\Source\GLTexture.pas"/>
        <UnitName Value="GLTexture"/>
        <WindowIndex Value="0"/>
        <TopLine Value="1806"/>
        <CursorPos X="1" Y="1825"/>
        <UsageCount Value="10"/>
        <DefaultSyntaxHighlighter Value="Delphi"/>
      </Unit2>
      <Unit3>
        <Filename Value="..\..\..\..\Source\GLTexture.pas"/>
        <UnitName Value="GLTexture"/>
        <WindowIndex Value="0"/>
        <TopLine Value="1875"/>
        <CursorPos X="1" Y="1895"/>
        <UsageCount Value="10"/>
        <DefaultSyntaxHighlighter Value="Delphi"/>
      </Unit3>
      <Unit4>
        <Filename Value="..\..\..\..\Source\GLUtils.pas"/>
        <UnitName Value="GLUtils"/>
        <WindowIndex Value="0"/>
        <TopLine Value="693"/>
        <CursorPos X="15" Y="726"/>
        <UsageCount Value="10"/>
        <DefaultSyntaxHighlighter Value="Delphi"/>
      </Unit4>
      <Unit5>
        <Filename Value="E:\lazarus\components\lazutils\fileutil.inc"/>
        <WindowIndex Value="0"/>
        <TopLine Value="99"/>
        <CursorPos X="3" Y="104"/>
        <UsageCount Value="10"/>
      </Unit5>
      <Unit6>
        <Filename Value="E:\lazarus\components\lazutils\fileutil.pas"/>
        <UnitName Value="FileUtil"/>
        <WindowIndex Value="0"/>
        <TopLine Value="202"/>
        <CursorPos X="18" Y="222"/>
        <UsageCount Value="10"/>
      </Unit6>
    </Units>
    <JumpHistory Count="12" HistoryIndex="11">
      <Position1>
        <Filename Value="uMainForm.pas"/>
        <Caret Line="263" Column="1" TopLine="226"/>
      </Position1>
      <Position2>
        <Filename Value="uMainForm.pas"/>
        <Caret Line="124" Column="1" TopLine="102"/>
      </Position2>
      <Position3>
        <Filename Value="uMainForm.pas"/>
        <Caret Line="124" Column="30" TopLine="102"/>
      </Position3>
      <Position4>
        <Filename Value="uMainForm.pas"/>
        <Caret Line="124" Column="1" TopLine="102"/>
      </Position4>
      <Position5>
        <Filename Value="uMainForm.pas"/>
        <Caret Line="126" Column="1" TopLine="102"/>
      </Position5>
      <Position6>
        <Filename Value="uMainForm.pas"/>
        <Caret Line="124" Column="1" TopLine="102"/>
      </Position6>
      <Position7>
        <Filename Value="uMainForm.pas"/>
        <Caret Line="124" Column="1" TopLine="102"/>
      </Position7>
      <Position8>
        <Filename Value="uMainForm.pas"/>
        <Caret Line="126" Column="1" TopLine="102"/>
      </Position8>
      <Position9>
        <Filename Value="uMainForm.pas"/>
        <Caret Line="127" Column="1" TopLine="102"/>
      </Position9>
      <Position10>
        <Filename Value="uMainForm.pas"/>
        <Caret Line="128" Column="1" TopLine="102"/>
      </Position10>
      <Position11>
        <Filename Value="uMainForm.pas"/>
        <Caret Line="129" Column="1" TopLine="102"/>
      </Position11>
      <Position12>
        <Filename Value="uMainForm.pas"/>
        <Caret Line="132" Column="1" TopLine="102"/>
      </Position12>
    </JumpHistory>
  </ProjectOptions>
  <CompilerOptions>
    <Version Value="11"/>
    <PathDelim Value="\"/>
    <Target>
      <Filename Value="GLConsoleDemo"/>
    </Target>
    <SearchPaths>
      <UnitOutputDirectory Value="lib\$(TargetCPU)-$(TargetOS)"/>
      <SrcPath Value="$(LazarusDir)\lcl;$(LazarusDir)\lcl\interfaces\$(LCLWidgetType)"/>
    </SearchPaths>
    <Parsing>
      <SyntaxOptions>
        <SyntaxMode Value="Delphi"/>
      </SyntaxOptions>
    </Parsing>
    <Linking>
      <Debugging>
        <StripSymbols Value="True"/>
        <UseExternalDbgSyms Value="True"/>
      </Debugging>
      <Options>
        <Win32>
          <GraphicApplication Value="True"/>
        </Win32>
      </Options>
    </Linking>
    <Other>
      <CompilerMessages>
        <UseMsgFile Value="True"/>
      </CompilerMessages>
      <CompilerPath Value="$(CompPath)"/>
    </Other>
  </CompilerOptions>
  <Debugging>
    <Exceptions Count="3">
      <Item1>
        <Name Value="EAbort"/>
      </Item1>
      <Item2>
        <Name Value="ECodetoolError"/>
      </Item2>
      <Item3>
        <Name Value="EFOpenError"/>
      </Item3>
    </Exceptions>
  </Debugging>
</CONFIG>
